{
  "requires": true,
  "lockfileVersion": 1,
  "dependencies": {
    "@seald-io/binary-search-tree": {
      "version": "1.0.2",
      "resolved": "https://registry.npmjs.org/@seald-io/binary-search-tree/-/binary-search-tree-1.0.2.tgz",
      "integrity": "sha512-+pYGvPFAk7wUR+ONMOlc6A+LUN4kOCFwyPLjyaeS7wVibADPHWYJNYsNtyIAwjF1AXQkuaXElnIc4XjKt55QZA=="
    },
    "@seald-io/nedb": {
      "version": "2.2.2",
      "resolved": "https://registry.npmjs.org/@seald-io/nedb/-/nedb-2.2.2.tgz",
      "integrity": "sha512-z91J3pem4ENzHuu9BilOSdlGL2S14OQYePPdvBcPHgHr+s51VIUwQARcOjx21KvtkA27vEpgPqzrVKh7nSlIfw==",
      "requires": {
        "@seald-io/binary-search-tree": "^1.0.2",
        "async": "0.2.10",
        "localforage": "^1.9.0"
      }
    },
    "async": {
      "version": "0.2.10",
      "resolved": "https://registry.npmjs.org/async/-/async-0.2.10.tgz",
      "integrity": "sha1-trvgsGdLnXGXCMo43owjfLUmw9E="
    },
    "await-the": {
      "version": "4.3.2",
      "resolved": "https://registry.npmjs.org/await-the/-/await-the-4.3.2.tgz",
      "integrity": "sha512-hfO8Db48RoI6R+PnOasZ2SJ0o2MzeJsCx32xABWeLILEV72xPT57FBcZ9uuqT2GSAwvj0EJ0MSLp8dYbhGzYCQ==",
      "requires": {
        "lodash": "^4.17.15",
        "p-do-whilst": "^0.1.0",
        "p-times": "^1.0.1",
        "p-waterfall": "^1.0.0",
        "p-whilst": "^1.0.0"
      }
    },
    "immediate": {
      "version": "3.0.6",
      "resolved": "https://registry.npmjs.org/immediate/-/immediate-3.0.6.tgz",
      "integrity": "sha1-nbHb0Pr43m++D13V5Wu2BigN5ps="
    },
    "lie": {
      "version": "3.1.1",
      "resolved": "https://registry.npmjs.org/lie/-/lie-3.1.1.tgz",
      "integrity": "sha1-mkNrLMd0bKWd56QfpGmz77dr2H4=",
      "requires": {
        "immediate": "~3.0.5"
      }
    },
    "localforage": {
      "version": "1.10.0",
      "resolved": "https://registry.npmjs.org/localforage/-/localforage-1.10.0.tgz",
      "integrity": "sha512-14/H1aX7hzBBmmh7sGPd+AOMkkIrHM3Z1PAyGgZigA1H1p5O5ANnMyWzvpAETtG68/dC4pC0ncy3+PPGzXZHPg==",
      "requires": {
        "lie": "3.1.1"
      }
    },
    "lodash": {
      "version": "4.17.21",
      "resolved": "https://registry.npmjs.org/lodash/-/lodash-4.17.21.tgz",
      "integrity": "sha512-v2kDEe57lecTulaDIuNTPy3Ry4gLGJ6Z1O3vE1krgXZNrsQ+LFTGHVxVjcXPs17LhbZVGedAJv8XZ1tvj5FvSg=="
    },
    "lodash.chunk": {
      "version": "4.2.0",
      "resolved": "https://registry.npmjs.org/lodash.chunk/-/lodash.chunk-4.2.0.tgz",
      "integrity": "sha1-ZuXOH3btJ7QwPYxlEujRIW6BBrw="
    },
    "nedb-promises": {
      "version": "6.0.3",
      "resolved": "https://registry.npmjs.org/nedb-promises/-/nedb-promises-6.0.3.tgz",
      "integrity": "sha512-pd0N6EsIPhXsfqdLcBJGig1FoTdV8wtuiXB7rBUqycJdUSA6wdI5BlkwEAjDBWIwZc4+xqBHRLtuAB7/bjS+rg==",
      "requires": {
        "@seald-io/nedb": "^2.2.0"
      }
    },
    "p-do-whilst": {
      "version": "0.1.0",
      "resolved": "https://registry.npmjs.org/p-do-whilst/-/p-do-whilst-0.1.0.tgz",
      "integrity": "sha1-0/IJ9to6xuMZVRDF7DwT37Hd7s0="
    },
    "p-map": {
      "version": "1.2.0",
      "resolved": "https://registry.npmjs.org/p-map/-/p-map-1.2.0.tgz",
      "integrity": "sha512-r6zKACMNhjPJMTl8KcFH4li//gkrXWfbD6feV8l6doRHlzljFWGJ2AP6iKaCJXyZmAUMOPtvbW7EXkbWO/pLEA=="
    },
    "p-reduce": {
      "version": "1.0.0",
      "resolved": "https://registry.npmjs.org/p-reduce/-/p-reduce-1.0.0.tgz",
      "integrity": "sha1-GMKw3ZNqRpClKfgjH1ig/bakffo="
    },
    "p-times": {
      "version": "1.0.1",
      "resolved": "https://registry.npmjs.org/p-times/-/p-times-1.0.1.tgz",
      "integrity": "sha1-RCFHLxyyRpJKZu8w/FyBAZC4nBk=",
      "requires": {
        "p-map": "^1.0.0"
      }
    },
    "p-waterfall": {
      "version": "1.0.0",
      "resolved": "https://registry.npmjs.org/p-waterfall/-/p-waterfall-1.0.0.tgz",
      "integrity": "sha1-ftlLPOszMngjU69qrhGqn8I1uwA=",
      "requires": {
        "p-reduce": "^1.0.0"
      }
    },
    "p-whilst": {
      "version": "1.0.0",
      "resolved": "https://registry.npmjs.org/p-whilst/-/p-whilst-1.0.0.tgz",
      "integrity": "sha1-VGaOrX+TR5n8APHlIw/Wrd645+Y="
    }
  }
}
